
Microsoft Visual Studio Solution File, Format Version 12.00
# Visual Studio Version 17
VisualStudioVersion = 17.2.32519.379
MinimumVisualStudioVersion = 10.0.40219.1
Project("{2150E333-8FDC-42A3-9474-1A3956D46DE8}") = "Services", "Services", "{992DAF0A-91D6-4814-89CF-9924493DBEC4}"
EndProject
Project("{2150E333-8FDC-42A3-9474-1A3956D46DE8}") = "Catalog", "Catalog", "{3B0A64D2-1E9A-48E6-B8EB-B2E1B73EA75E}"
EndProject
Project("{9A19103F-16F7-4668-BE54-9A1E7A4F7556}") = "Catalog.API", "Services\Catalog\Catalog.API\Catalog.API.csproj", "{0628B362-EF6E-4199-80AA-2E4A2D2723DD}"
EndProject
Project("{2150E333-8FDC-42A3-9474-1A3956D46DE8}") = "BuildingBlocks", "BuildingBlocks", "{536F5ED5-20FC-439E-917C-D8C3FBAB9954}"
EndProject
Project("{9A19103F-16F7-4668-BE54-9A1E7A4F7556}") = "BuildingBlocks", "BuildingBlocks\BuildingBlocks\BuildingBlocks.csproj", "{578D26CB-762E-4A78-B456-392E649B9C0D}"
EndProject
Project("{E53339B2-1760-4266-BCC7-CA923CBCF16C}") = "docker-compose", "docker-compose.dcproj", "{991F120F-9D81-40AB-9270-F84844F42B33}"
EndProject
Project("{2150E333-8FDC-42A3-9474-1A3956D46DE8}") = "Basket", "Basket", "{D105A0F3-D9A2-4602-AFA3-11138278401C}"
EndProject
Project("{9A19103F-16F7-4668-BE54-9A1E7A4F7556}") = "Basket.API", "Services\Basket\Basket.API\Basket.API.csproj", "{3AA8F8AB-D328-40A6-9471-E4FD3A497DCF}"
EndProject
Project("{2150E333-8FDC-42A3-9474-1A3956D46DE8}") = "Discount", "Discount", "{78BE0407-0434-4394-A243-B76FA5AAC52A}"
EndProject
Project("{9A19103F-16F7-4668-BE54-9A1E7A4F7556}") = "Discount.Grpc", "Services\Discount\Discount.Grpc\Discount.Grpc.csproj", "{78E1F4DB-D78D-404B-A717-27A07A3DDACA}"
EndProject
Project("{2150E333-8FDC-42A3-9474-1A3956D46DE8}") = "Ordering", "Ordering", "{B075F746-79AF-4FB5-8FE3-A79783DB291C}"
EndProject
Project("{FAE04EC0-301F-11D3-BF4B-00C04F79EFBC}") = "Ordering.API", "Services\Ordering\Ordering.API\Ordering.API.csproj", "{9EA49A21-B3C0-468B-B36F-967771BD32AC}"
EndProject
Global
	GlobalSection(SolutionConfigurationPlatforms) = preSolution
		Debug|Any CPU = Debug|Any CPU
		Release|Any CPU = Release|Any CPU
	EndGlobalSection
	GlobalSection(ProjectConfigurationPlatforms) = postSolution
		{0628B362-EF6E-4199-80AA-2E4A2D2723DD}.Debug|Any CPU.ActiveCfg = Debug|Any CPU
		{0628B362-EF6E-4199-80AA-2E4A2D2723DD}.Debug|Any CPU.Build.0 = Debug|Any CPU
		{0628B362-EF6E-4199-80AA-2E4A2D2723DD}.Release|Any CPU.ActiveCfg = Release|Any CPU
		{0628B362-EF6E-4199-80AA-2E4A2D2723DD}.Release|Any CPU.Build.0 = Release|Any CPU
		{578D26CB-762E-4A78-B456-392E649B9C0D}.Debug|Any CPU.ActiveCfg = Debug|Any CPU
		{578D26CB-762E-4A78-B456-392E649B9C0D}.Debug|Any CPU.Build.0 = Debug|Any CPU
		{578D26CB-762E-4A78-B456-392E649B9C0D}.Release|Any CPU.ActiveCfg = Release|Any CPU
		{578D26CB-762E-4A78-B456-392E649B9C0D}.Release|Any CPU.Build.0 = Release|Any CPU
		{991F120F-9D81-40AB-9270-F84844F42B33}.Debug|Any CPU.ActiveCfg = Debug|Any CPU
		{991F120F-9D81-40AB-9270-F84844F42B33}.Debug|Any CPU.Build.0 = Debug|Any CPU
		{991F120F-9D81-40AB-9270-F84844F42B33}.Release|Any CPU.ActiveCfg = Release|Any CPU
		{991F120F-9D81-40AB-9270-F84844F42B33}.Release|Any CPU.Build.0 = Release|Any CPU
		{3AA8F8AB-D328-40A6-9471-E4FD3A497DCF}.Debug|Any CPU.ActiveCfg = Debug|Any CPU
		{3AA8F8AB-D328-40A6-9471-E4FD3A497DCF}.Debug|Any CPU.Build.0 = Debug|Any CPU
		{3AA8F8AB-D328-40A6-9471-E4FD3A497DCF}.Release|Any CPU.ActiveCfg = Release|Any CPU
		{3AA8F8AB-D328-40A6-9471-E4FD3A497DCF}.Release|Any CPU.Build.0 = Release|Any CPU
		{78E1F4DB-D78D-404B-A717-27A07A3DDACA}.Debug|Any CPU.ActiveCfg = Debug|Any CPU
		{78E1F4DB-D78D-404B-A717-27A07A3DDACA}.Debug|Any CPU.Build.0 = Debug|Any CPU
		{78E1F4DB-D78D-404B-A717-27A07A3DDACA}.Release|Any CPU.ActiveCfg = Release|Any CPU
		{78E1F4DB-D78D-404B-A717-27A07A3DDACA}.Release|Any CPU.Build.0 = Release|Any CPU
		{9EA49A21-B3C0-468B-B36F-967771BD32AC}.Debug|Any CPU.ActiveCfg = Debug|Any CPU
		{9EA49A21-B3C0-468B-B36F-967771BD32AC}.Debug|Any CPU.Build.0 = Debug|Any CPU
		{9EA49A21-B3C0-468B-B36F-967771BD32AC}.Release|Any CPU.ActiveCfg = Release|Any CPU
		{9EA49A21-B3C0-468B-B36F-967771BD32AC}.Release|Any CPU.Build.0 = Release|Any CPU
	EndGlobalSection
	GlobalSection(SolutionProperties) = preSolution
		HideSolutionNode = FALSE
	EndGlobalSection
	GlobalSection(NestedProjects) = preSolution
		{3B0A64D2-1E9A-48E6-B8EB-B2E1B73EA75E} = {992DAF0A-91D6-4814-89CF-9924493DBEC4}
		{0628B362-EF6E-4199-80AA-2E4A2D2723DD} = {3B0A64D2-1E9A-48E6-B8EB-B2E1B73EA75E}
		{578D26CB-762E-4A78-B456-392E649B9C0D} = {536F5ED5-20FC-439E-917C-D8C3FBAB9954}
		{D105A0F3-D9A2-4602-AFA3-11138278401C} = {992DAF0A-91D6-4814-89CF-9924493DBEC4}
		{3AA8F8AB-D328-40A6-9471-E4FD3A497DCF} = {D105A0F3-D9A2-4602-AFA3-11138278401C}
		{78BE0407-0434-4394-A243-B76FA5AAC52A} = {992DAF0A-91D6-4814-89CF-9924493DBEC4}
		{78E1F4DB-D78D-404B-A717-27A07A3DDACA} = {78BE0407-0434-4394-A243-B76FA5AAC52A}
		{B075F746-79AF-4FB5-8FE3-A79783DB291C} = {992DAF0A-91D6-4814-89CF-9924493DBEC4}
		{9EA49A21-B3C0-468B-B36F-967771BD32AC} = {B075F746-79AF-4FB5-8FE3-A79783DB291C}
	EndGlobalSection
	GlobalSection(ExtensibilityGlobals) = postSolution
		SolutionGuid = {D4E7157A-0EE5-499C-9C51-62794C0D504E}
	EndGlobalSection
EndGlobal
